
Microsoft Visual Studio Solution File, Format Version 12.00
# Visual Studio Version 17
VisualStudioVersion = 17.13.35919.96 d17.13
MinimumVisualStudioVersion = 10.0.40219.1
Project("{FAE04EC0-301F-11D3-BF4B-00C04F79EFBC}") = "AI_Assistant", "AI_Assistant\AI_Assistant.csproj", "{4CDB8757-0A9B-4FDD-9620-95380F789481}"
EndProject
Global
	GlobalSection(SolutionConfigurationPlatforms) = preSolution
		Debug|Any CPU = Debug|Any CPU
		Release|Any CPU = Release|Any CPU
	EndGlobalSection
	GlobalSection(ProjectConfigurationPlatforms) = postSolution
		{4CDB8757-0A9B-4FDD-9620-95380F789481}.Debug|Any CPU.ActiveCfg = Debug|Any CPU
		{4CDB8757-0A9B-4FDD-9620-95380F789481}.Debug|Any CPU.Build.0 = Debug|Any CPU
		{4CDB8757-0A9B-4FDD-9620-95380F789481}.Release|Any CPU.ActiveCfg = Release|Any CPU
		{4CDB8757-0A9B-4FDD-9620-95380F789481}.Release|Any CPU.Build.0 = Release|Any CPU
	EndGlobalSection
	GlobalSection(SolutionProperties) = preSolution
		HideSolutionNode = FALSE
	EndGlobalSection
	GlobalSection(ExtensibilityGlobals) = postSolution
		SolutionGuid = {6080A31B-3364-4E37-8322-A7468BB30C9D}
	EndGlobalSection
EndGlobal
